
Microsoft Visual Studio Solution File, Format Version 10.00
# Visual Web Developer Express 2008
Project("{F184B08F-C81C-45F6-A57F-5ABD9991F28F}") = "examination", "examination\examination.vbproj", "{BEF6CCFA-6BEE-4ADB-A22D-3E7442491FAD}"
EndProject
Global
	GlobalSection(SolutionConfigurationPlatforms) = preSolution
		Debug|Any CPU = Debug|Any CPU
		Release|Any CPU = Release|Any CPU
	EndGlobalSection
	GlobalSection(ProjectConfigurationPlatforms) = postSolution
		{BEF6CCFA-6BEE-4ADB-A22D-3E7442491FAD}.Debug|Any CPU.ActiveCfg = Debug|Any CPU
		{BEF6CCFA-6BEE-4ADB-A22D-3E7442491FAD}.Debug|Any CPU.Build.0 = Debug|Any CPU
		{BEF6CCFA-6BEE-4ADB-A22D-3E7442491FAD}.Release|Any CPU.ActiveCfg = Release|Any CPU
		{BEF6CCFA-6BEE-4ADB-A22D-3E7442491FAD}.Release|Any CPU.Build.0 = Release|Any CPU
	EndGlobalSection
	GlobalSection(SolutionProperties) = preSolution
		HideSolutionNode = FALSE
	EndGlobalSection
EndGlobal
